
Microsoft Visual Studio Solution File, Format Version 12.00
# Visual Studio Version 17
VisualStudioVersion = 17.4.33205.214
MinimumVisualStudioVersion = 10.0.40219.1
Project("{FAE04EC0-301F-11D3-BF4B-00C04F79EFBC}") = "VRMission", "VRMission\VRMission.csproj", "{A7253944-62D5-4A3A-858F-8F3E372AC7B9}"
EndProject
Project("{FAE04EC0-301F-11D3-BF4B-00C04F79EFBC}") = "VR.Data", "VR.Data\VR.Data.csproj", "{AAEEC61D-3048-4897-A982-6FBAAA9B9149}"
EndProject
Project("{FAE04EC0-301F-11D3-BF4B-00C04F79EFBC}") = "VR.Api", "VR.Api\VR.Api.csproj", "{8CAC80A8-2C7D-4776-8CB1-83ED4F484EEB}"
EndProject
Global
	GlobalSection(SolutionConfigurationPlatforms) = preSolution
		Debug|Any CPU = Debug|Any CPU
		Release|Any CPU = Release|Any CPU
	EndGlobalSection
	GlobalSection(ProjectConfigurationPlatforms) = postSolution
		{A7253944-62D5-4A3A-858F-8F3E372AC7B9}.Debug|Any CPU.ActiveCfg = Debug|Any CPU
		{A7253944-62D5-4A3A-858F-8F3E372AC7B9}.Debug|Any CPU.Build.0 = Debug|Any CPU
		{A7253944-62D5-4A3A-858F-8F3E372AC7B9}.Release|Any CPU.ActiveCfg = Release|Any CPU
		{A7253944-62D5-4A3A-858F-8F3E372AC7B9}.Release|Any CPU.Build.0 = Release|Any CPU
		{AAEEC61D-3048-4897-A982-6FBAAA9B9149}.Debug|Any CPU.ActiveCfg = Debug|Any CPU
		{AAEEC61D-3048-4897-A982-6FBAAA9B9149}.Debug|Any CPU.Build.0 = Debug|Any CPU
		{AAEEC61D-3048-4897-A982-6FBAAA9B9149}.Release|Any CPU.ActiveCfg = Release|Any CPU
		{AAEEC61D-3048-4897-A982-6FBAAA9B9149}.Release|Any CPU.Build.0 = Release|Any CPU
		{8CAC80A8-2C7D-4776-8CB1-83ED4F484EEB}.Debug|Any CPU.ActiveCfg = Debug|Any CPU
		{8CAC80A8-2C7D-4776-8CB1-83ED4F484EEB}.Debug|Any CPU.Build.0 = Debug|Any CPU
		{8CAC80A8-2C7D-4776-8CB1-83ED4F484EEB}.Release|Any CPU.ActiveCfg = Release|Any CPU
		{8CAC80A8-2C7D-4776-8CB1-83ED4F484EEB}.Release|Any CPU.Build.0 = Release|Any CPU
	EndGlobalSection
	GlobalSection(SolutionProperties) = preSolution
		HideSolutionNode = FALSE
	EndGlobalSection
	GlobalSection(ExtensibilityGlobals) = postSolution
		SolutionGuid = {8E1B1ACA-AC26-4873-B658-93722C03CD81}
	EndGlobalSection
EndGlobal
